
Microsoft Visual Studio Solution File, Format Version 11.00
# Visual Studio 2010
Project("{FAE04EC0-301F-11D3-BF4B-00C04F79EFBC}") = "BillboardTest2", "Assembly-CSharp.csproj", "{B0F57B6B-35EB-285A-58F3-79876D79430C}"
EndProject
Project("{FAE04EC0-301F-11D3-BF4B-00C04F79EFBC}") = "BillboardTest2", "Assembly-CSharp-Editor.csproj", "{45AA5DAA-0999-144C-506E-7525DCBC399A}"
EndProject
Global
	GlobalSection(SolutionConfigurationPlatforms) = preSolution
		Debug|Any CPU = Debug|Any CPU
		Release|Any CPU = Release|Any CPU
	EndGlobalSection
	GlobalSection(ProjectConfigurationPlatforms) = postSolution
		{B0F57B6B-35EB-285A-58F3-79876D79430C}.Debug|Any CPU.ActiveCfg = Debug|Any CPU
		{B0F57B6B-35EB-285A-58F3-79876D79430C}.Debug|Any CPU.Build.0 = Debug|Any CPU
		{B0F57B6B-35EB-285A-58F3-79876D79430C}.Release|Any CPU.ActiveCfg = Release|Any CPU
		{B0F57B6B-35EB-285A-58F3-79876D79430C}.Release|Any CPU.Build.0 = Release|Any CPU
		{45AA5DAA-0999-144C-506E-7525DCBC399A}.Debug|Any CPU.ActiveCfg = Debug|Any CPU
		{45AA5DAA-0999-144C-506E-7525DCBC399A}.Debug|Any CPU.Build.0 = Debug|Any CPU
		{45AA5DAA-0999-144C-506E-7525DCBC399A}.Release|Any CPU.ActiveCfg = Release|Any CPU
		{45AA5DAA-0999-144C-506E-7525DCBC399A}.Release|Any CPU.Build.0 = Release|Any CPU
	EndGlobalSection
	GlobalSection(SolutionProperties) = preSolution
		HideSolutionNode = FALSE
	EndGlobalSection
	GlobalSection(MonoDevelopProperties) = preSolution
		StartupItem = Assembly-CSharp.csproj
	EndGlobalSection
EndGlobal
